
Microsoft Visual Studio Solution File, Format Version 12.00
# Visual Studio Version 17
VisualStudioVersion = 17.2.32616.157
MinimumVisualStudioVersion = 10.0.40219.1
Project("{FAE04EC0-301F-11D3-BF4B-00C04F79EFBC}") = "DataApp", "DataApp\DataApp.csproj", "{BB240B28-6F99-437B-AEDD-51C4587A089E}"
EndProject
Project("{2150E333-8FDC-42A3-9474-1A3956D46DE8}") = "Elementos de la solución", "Elementos de la solución", "{E81AE47A-FA7C-4D54-8B44-19F08A0CD7DF}"
	ProjectSection(SolutionItems) = preProject
		.gitignore = .gitignore
		License = License
		Readme.md = Readme.md
		run.bat = run.bat
	EndProjectSection
EndProject
Project("{FAE04EC0-301F-11D3-BF4B-00C04F79EFBC}") = "RapidDataExport.Tests", "RapidDataExport.Tests\RapidDataExport.Tests.csproj", "{485D0AEF-C15B-4EDD-9C9C-944D5DB835E6}"
EndProject
Global
	GlobalSection(SolutionConfigurationPlatforms) = preSolution
		Debug|Any CPU = Debug|Any CPU
		Release|Any CPU = Release|Any CPU
	EndGlobalSection
	GlobalSection(ProjectConfigurationPlatforms) = postSolution
		{BB240B28-6F99-437B-AEDD-51C4587A089E}.Debug|Any CPU.ActiveCfg = Debug|Any CPU
		{BB240B28-6F99-437B-AEDD-51C4587A089E}.Debug|Any CPU.Build.0 = Debug|Any CPU
		{BB240B28-6F99-437B-AEDD-51C4587A089E}.Release|Any CPU.ActiveCfg = Release|Any CPU
		{BB240B28-6F99-437B-AEDD-51C4587A089E}.Release|Any CPU.Build.0 = Release|Any CPU
		{485D0AEF-C15B-4EDD-9C9C-944D5DB835E6}.Debug|Any CPU.ActiveCfg = Debug|Any CPU
		{485D0AEF-C15B-4EDD-9C9C-944D5DB835E6}.Debug|Any CPU.Build.0 = Debug|Any CPU
		{485D0AEF-C15B-4EDD-9C9C-944D5DB835E6}.Release|Any CPU.ActiveCfg = Release|Any CPU
		{485D0AEF-C15B-4EDD-9C9C-944D5DB835E6}.Release|Any CPU.Build.0 = Release|Any CPU
	EndGlobalSection
	GlobalSection(SolutionProperties) = preSolution
		HideSolutionNode = FALSE
	EndGlobalSection
	GlobalSection(ExtensibilityGlobals) = postSolution
		SolutionGuid = {CD354AC5-6DBD-4615-8C45-EBD805366B1E}
	EndGlobalSection
	GlobalSection(DPCodeReviewSolutionGUID) = preSolution
		DPCodeReviewSolutionGUID = {00000000-0000-0000-0000-000000000000}
	EndGlobalSection
EndGlobal
